SITE
  remote: http://community.opscode.com/api/v1
  specs:
    apt (1.9.2)
    bridger (0.0.1)
    build-essential (1.4.0)
    chef_handler (1.1.4)
    discovery (0.2.0)
    erlang (1.2.0)
      build-essential (>= 0.0.0)
      yum (>= 0.5.0)
    lxc (1.0.0)
    rabbitmq (2.0.0)
      erlang (>= 0.9)
    ruby_installer (0.1.2)
      build-essential (>= 0.0.0)
    runit (1.1.4)
      build-essential (>= 0.0.0)
      yum (>= 0.0.0)
    sensu (0.5.0)
      apt (>= 0.0.0)
      rabbitmq (>= 2.0.0)
      redis (>= 2.1.0)
      windows (>= 1.8.8)
      yum (>= 0.0.0)
    stunnel (2.0.2)
    windows (1.8.10)
      chef_handler (>= 0.0.0)
    yum (2.2.0)

GIT
  remote: git://github.com/miah/chef-redis.git
  ref: master
  sha: cb8b38b6938f907c47972752dc746ed33ade1b65
  specs:
    redis (2.1.0)
      build-essential (>= 0.0.0)
      discovery (>= 0.2.0)
      runit (>= 0.0.0)
      stunnel (>= 2.0.0)
      yum (>= 0.0.0)

GIT
  remote: git@github.com:hw-cookbooks/monitor.git
  ref: master
  sha: 037ecef0ebb3cc18132388b8cae6e875497a69ab
  specs:
    monitor (0.0.1)
      sensu (>= 0.0.0)

PATH
  remote: ./site-cookbooks/sensu_lxc
  specs:
    sensu_lxc (0.0.1)
      apt (>= 0.0.0)
      bridger (>= 0.0.0)
      lxc (>= 0.0.0)
      monitor (>= 0.0.0)
      ruby_installer (>= 0.0.0)
      sensu (>= 0.0.0)

DEPENDENCIES
  apt (>= 0)
  bridger (>= 0)
  lxc (>= 0)
  monitor (>= 0)
  redis (>= 0)
  sensu (>= 0)
  sensu_lxc (>= 0)

